
Microsoft Visual Studio Solution File, Format Version 12.00
# Visual Studio Version 16
VisualStudioVersion = 16.0.30621.155
MinimumVisualStudioVersion = 10.0.40219.1
Project("{FAE04EC0-301F-11D3-BF4B-00C04F79EFBC}") = "linq", "linq\linq.csproj", "{8F5ECE81-4D89-4D69-AF60-88701E6420E4}"
EndProject
Global
	GlobalSection(SolutionConfigurationPlatforms) = preSolution
		Debug|Any CPU = Debug|Any CPU
		Release|Any CPU = Release|Any CPU
	EndGlobalSection
	GlobalSection(ProjectConfigurationPlatforms) = postSolution
		{8F5ECE81-4D89-4D69-AF60-88701E6420E4}.Debug|Any CPU.ActiveCfg = Debug|Any CPU
		{8F5ECE81-4D89-4D69-AF60-88701E6420E4}.Debug|Any CPU.Build.0 = Debug|Any CPU
		{8F5ECE81-4D89-4D69-AF60-88701E6420E4}.Release|Any CPU.ActiveCfg = Release|Any CPU
		{8F5ECE81-4D89-4D69-AF60-88701E6420E4}.Release|Any CPU.Build.0 = Release|Any CPU
	EndGlobalSection
	GlobalSection(SolutionProperties) = preSolution
		HideSolutionNode = FALSE
	EndGlobalSection
	GlobalSection(ExtensibilityGlobals) = postSolution
		SolutionGuid = {EC274C12-93BB-4AE7-A667-AD961EBB58B5}
	EndGlobalSection
EndGlobal
